// !$*UTF8*$!
{
	archiveVersion = 1;
	classes = {
	};
	objectVersion = 55;
	objects = {

/* Begin PBXBuildFile section */
		789F451E27773C0E00498E6D /* AppDelegate.swift in Sources */ = {isa = PBXBuildFile; fileRef = 789F451D27773C0E00498E6D /* AppDelegate.swift */; };
		789F452027773C0E00498E6D /* SceneDelegate.swift in Sources */ = {isa = PBXBuildFile; fileRef = 789F451F27773C0E00498E6D /* SceneDelegate.swift */; };
		789F452527773C0E00498E6D /* Main.storyboard in Resources */ = {isa = PBXBuildFile; fileRef = 789F452327773C0E00498E6D /* Main.storyboard */; };
		789F452727773C1000498E6D /* Assets.xcassets in Resources */ = {isa = PBXBuildFile; fileRef = 789F452627773C1000498E6D /* Assets.xcassets */; };
		789F452A27773C1000498E6D /* LaunchScreen.storyboard in Resources */ = {isa = PBXBuildFile; fileRef = 789F452827773C1000498E6D /* LaunchScreen.storyboard */; };
		789F453727773F3200498E6D /* BaseViewController.swift in Sources */ = {isa = PBXBuildFile; fileRef = 789F453627773F3200498E6D /* BaseViewController.swift */; };
		789F453927773F3900498E6D /* BaseNavigationController.swift in Sources */ = {isa = PBXBuildFile; fileRef = 789F453827773F3900498E6D /* BaseNavigationController.swift */; };
		789F455A27773FF900498E6D /* TextFieldComponents.swift in Sources */ = {isa = PBXBuildFile; fileRef = 789F453E27773FF900498E6D /* TextFieldComponents.swift */; };
		789F455B27773FF900498E6D /* TextViewComponents.swift in Sources */ = {isa = PBXBuildFile; fileRef = 789F453F27773FF900498E6D /* TextViewComponents.swift */; };
		789F455C27773FF900498E6D /* UIImageViewComponents.swift in Sources */ = {isa = PBXBuildFile; fileRef = 789F454027773FF900498E6D /* UIImageViewComponents.swift */; };
		789F455D27773FF900498E6D /* CellTransitionComponents.swift in Sources */ = {isa = PBXBuildFile; fileRef = 789F454127773FF900498E6D /* CellTransitionComponents.swift */; };
		789F455E27773FF900498E6D /* ButtonComponents.swift in Sources */ = {isa = PBXBuildFile; fileRef = 789F454227773FF900498E6D /* ButtonComponents.swift */; };
		789F455F27773FF900498E6D /* LabelComponents.swift in Sources */ = {isa = PBXBuildFile; fileRef = 789F454327773FF900498E6D /* LabelComponents.swift */; };
		789F456027773FF900498E6D /* UICollectionViewFlowLayoutComponents.swift in Sources */ = {isa = PBXBuildFile; fileRef = 789F454427773FF900498E6D /* UICollectionViewFlowLayoutComponents.swift */; };
		789F456127773FF900498E6D /* FontComponents.swift in Sources */ = {isa = PBXBuildFile; fileRef = 789F454527773FF900498E6D /* FontComponents.swift */; };
		789F456227773FF900498E6D /* ColorComponents.swift in Sources */ = {isa = PBXBuildFile; fileRef = 789F454627773FF900498E6D /* ColorComponents.swift */; };
		789F456327773FF900498E6D /* UITableViewExtensions.swift in Sources */ = {isa = PBXBuildFile; fileRef = 789F454927773FF900498E6D /* UITableViewExtensions.swift */; };
		789F456427773FF900498E6D /* UITextFieldExtensions.swift in Sources */ = {isa = PBXBuildFile; fileRef = 789F454A27773FF900498E6D /* UITextFieldExtensions.swift */; };
		789F456527773FF900498E6D /* UICollectionViewExtensions.swift in Sources */ = {isa = PBXBuildFile; fileRef = 789F454B27773FF900498E6D /* UICollectionViewExtensions.swift */; };
		789F456627773FF900498E6D /* UITextViewExtensions.swift in Sources */ = {isa = PBXBuildFile; fileRef = 789F454C27773FF900498E6D /* UITextViewExtensions.swift */; };
		789F456727773FF900498E6D /* UICollectionViewLayoutAttributesExtensions.swift in Sources */ = {isa = PBXBuildFile; fileRef = 789F454D27773FF900498E6D /* UICollectionViewLayoutAttributesExtensions.swift */; };
		789F456827773FF900498E6D /* UISegmentedControlExtensions.swift in Sources */ = {isa = PBXBuildFile; fileRef = 789F454E27773FF900498E6D /* UISegmentedControlExtensions.swift */; };
		789F456927773FF900498E6D /* UIImageExtensions.swift in Sources */ = {isa = PBXBuildFile; fileRef = 789F454F27773FF900498E6D /* UIImageExtensions.swift */; };
		789F456A27773FF900498E6D /* UIViewExtensions.swift in Sources */ = {isa = PBXBuildFile; fileRef = 789F455027773FF900498E6D /* UIViewExtensions.swift */; };
		789F456B27773FF900498E6D /* UIFontExtensions.swift in Sources */ = {isa = PBXBuildFile; fileRef = 789F455127773FF900498E6D /* UIFontExtensions.swift */; };
		789F456C27773FF900498E6D /* UIColorExtensions.swift in Sources */ = {isa = PBXBuildFile; fileRef = 789F455227773FF900498E6D /* UIColorExtensions.swift */; };
		789F456D27773FF900498E6D /* RangeExtensions.swift in Sources */ = {isa = PBXBuildFile; fileRef = 789F455427773FF900498E6D /* RangeExtensions.swift */; };
		789F456E27773FF900498E6D /* DataExtensions.swift in Sources */ = {isa = PBXBuildFile; fileRef = 789F455527773FF900498E6D /* DataExtensions.swift */; };
		789F456F27773FF900498E6D /* StringExtensions.swift in Sources */ = {isa = PBXBuildFile; fileRef = 789F455627773FF900498E6D /* StringExtensions.swift */; };
		789F457027773FF900498E6D /* URLExtensions.swift in Sources */ = {isa = PBXBuildFile; fileRef = 789F455727773FF900498E6D /* URLExtensions.swift */; };
		789F457127773FF900498E6D /* IntExtensions.swift in Sources */ = {isa = PBXBuildFile; fileRef = 789F455827773FF900498E6D /* IntExtensions.swift */; };
		789F457227773FF900498E6D /* DateExtensions.swift in Sources */ = {isa = PBXBuildFile; fileRef = 789F455927773FF900498E6D /* DateExtensions.swift */; };
		789F45762777402200498E6D /* FileUtilities.swift in Sources */ = {isa = PBXBuildFile; fileRef = 789F45742777402200498E6D /* FileUtilities.swift */; };
		789F45772777402200498E6D /* AppUtilities.swift in Sources */ = {isa = PBXBuildFile; fileRef = 789F45752777402200498E6D /* AppUtilities.swift */; };
		789F457D277742AD00498E6D /* Roboto-Medium.ttf in Resources */ = {isa = PBXBuildFile; fileRef = 789F4579277742AD00498E6D /* Roboto-Medium.ttf */; };
		789F457E277742AD00498E6D /* Roboto-Bold.ttf in Resources */ = {isa = PBXBuildFile; fileRef = 789F457A277742AD00498E6D /* Roboto-Bold.ttf */; };
		789F457F277742AD00498E6D /* Roboto-Light.ttf in Resources */ = {isa = PBXBuildFile; fileRef = 789F457B277742AD00498E6D /* Roboto-Light.ttf */; };
		789F4580277742AD00498E6D /* Roboto-Regular.ttf in Resources */ = {isa = PBXBuildFile; fileRef = 789F457C277742AD00498E6D /* Roboto-Regular.ttf */; };
		789F45842777502000498E6D /* stretches.json in Resources */ = {isa = PBXBuildFile; fileRef = 789F45822777502000498E6D /* stretches.json */; };
		789F45852777502000498E6D /* schedule.json in Resources */ = {isa = PBXBuildFile; fileRef = 789F45832777502000498E6D /* schedule.json */; };
		789F4587277A157F00498E6D /* StretchInfo.swift in Sources */ = {isa = PBXBuildFile; fileRef = 789F4586277A157F00498E6D /* StretchInfo.swift */; };
		789F4589277A15BD00498E6D /* ScheduleDay.swift in Sources */ = {isa = PBXBuildFile; fileRef = 789F4588277A15BD00498E6D /* ScheduleDay.swift */; };
		789F458B277A166600498E6D /* ScheduleStretch.swift in Sources */ = {isa = PBXBuildFile; fileRef = 789F458A277A166600498E6D /* ScheduleStretch.swift */; };
		789F458E277A178500498E6D /* Services.swift in Sources */ = {isa = PBXBuildFile; fileRef = 789F458D277A178500498E6D /* Services.swift */; };
		789F4590277A17A100498E6D /* ScheduleService.swift in Sources */ = {isa = PBXBuildFile; fileRef = 789F458F277A17A100498E6D /* ScheduleService.swift */; };
		789F4592277A189C00498E6D /* StrechesService.swift in Sources */ = {isa = PBXBuildFile; fileRef = 789F4591277A189C00498E6D /* StrechesService.swift */; };
		789F4594277A19D300498E6D /* MainController.swift in Sources */ = {isa = PBXBuildFile; fileRef = 789F4593277A19D300498E6D /* MainController.swift */; };
		789F4597277A1C6900498E6D /* TimerController.swift in Sources */ = {isa = PBXBuildFile; fileRef = 789F4596277A1C6900498E6D /* TimerController.swift */; };
		789F4599277A1C7000498E6D /* Timer.storyboard in Resources */ = {isa = PBXBuildFile; fileRef = 789F4598277A1C7000498E6D /* Timer.storyboard */; };
		789F459C277A213000498E6D /* ScheduleController.swift in Sources */ = {isa = PBXBuildFile; fileRef = 789F459B277A213000498E6D /* ScheduleController.swift */; };
		789F459E277A213700498E6D /* Schedule.storyboard in Resources */ = {isa = PBXBuildFile; fileRef = 789F459D277A213700498E6D /* Schedule.storyboard */; };
		789F45A0277A264000498E6D /* TimePickerController.swift in Sources */ = {isa = PBXBuildFile; fileRef = 789F459F277A264000498E6D /* TimePickerController.swift */; };
		789F45A2277A277500498E6D /* TimePickerCell.swift in Sources */ = {isa = PBXBuildFile; fileRef = 789F45A1277A277500498E6D /* TimePickerCell.swift */; };
		789F45A4277A28C000498E6D /* TimePickerViewModel.swift in Sources */ = {isa = PBXBuildFile; fileRef = 789F45A3277A28BF00498E6D /* TimePickerViewModel.swift */; };
		789F45A7277A28D600498E6D /* TimePicker.storyboard in Resources */ = {isa = PBXBuildFile; fileRef = 789F45A6277A28D600498E6D /* TimePicker.storyboard */; };
		789F45A9277A2DBA00498E6D /* TimePickerCollectionFlowLayout.swift in Sources */ = {isa = PBXBuildFile; fileRef = 789F45A8277A2DBA00498E6D /* TimePickerCollectionFlowLayout.swift */; };
		789F45AB277A30B600498E6D /* TimerViewModel.swift in Sources */ = {isa = PBXBuildFile; fileRef = 789F45AA277A30B600498E6D /* TimerViewModel.swift */; };
		789F45AE277A3E7C00498E6D /* AlarmManager.swift in Sources */ = {isa = PBXBuildFile; fileRef = 789F45AD277A3E7C00498E6D /* AlarmManager.swift */; };
		789F45B0277A56A500498E6D /* ScheduleViewModel.swift in Sources */ = {isa = PBXBuildFile; fileRef = 789F45AF277A56A500498E6D /* ScheduleViewModel.swift */; };
		789F45B2277A5F0F00498E6D /* ScheduleHeader.swift in Sources */ = {isa = PBXBuildFile; fileRef = 789F45B1277A5F0F00498E6D /* ScheduleHeader.swift */; };
		789F45B4277A5F2B00498E6D /* ScheduleCell.swift in Sources */ = {isa = PBXBuildFile; fileRef = 789F45B3277A5F2B00498E6D /* ScheduleCell.swift */; };
		789F45B7277A788700498E6D /* StretchController.swift in Sources */ = {isa = PBXBuildFile; fileRef = 789F45B6277A788700498E6D /* StretchController.swift */; };
		789F45B9277A790000498E6D /* Stretch.storyboard in Resources */ = {isa = PBXBuildFile; fileRef = 789F45B8277A790000498E6D /* Stretch.storyboard */; };
/* End PBXBuildFile section */

/* Begin PBXFileReference section */
		3B9618434CCDA039FA54E40C /* Pods-LunarStretch.release.xcconfig */ = {isa = PBXFileReference; includeInIndex = 1; lastKnownFileType = text.xcconfig; name = "Pods-LunarStretch.release.xcconfig"; path = "Target Support Files/Pods-LunarStretch/Pods-LunarStretch.release.xcconfig"; sourceTree = "<group>"; };
		6032A17AFE06C0A9908B3D7D /* Pods-LunarStretch.debug.xcconfig */ = {isa = PBXFileReference; includeInIndex = 1; lastKnownFileType = text.xcconfig; name = "Pods-LunarStretch.debug.xcconfig"; path = "Target Support Files/Pods-LunarStretch/Pods-LunarStretch.debug.xcconfig"; sourceTree = "<group>"; };
		789F451A27773C0E00498E6D /* LunarStretch.app */ = {isa = PBXFileReference; explicitFileType = wrapper.application; includeInIndex = 0; path = LunarStretch.app; sourceTree = BUILT_PRODUCTS_DIR; };
		789F451D27773C0E00498E6D /* AppDelegate.swift */ = {isa = PBXFileReference; lastKnownFileType = sourcecode.swift; path = AppDelegate.swift; sourceTree = "<group>"; };
		789F451F27773C0E00498E6D /* SceneDelegate.swift */ = {isa = PBXFileReference; lastKnownFileType = sourcecode.swift; path = SceneDelegate.swift; sourceTree = "<group>"; };
		789F452427773C0E00498E6D /* Base */ = {isa = PBXFileReference; lastKnownFileType = file.storyboard; name = Base; path = Base.lproj/Main.storyboard; sourceTree = "<group>"; };
		789F452627773C1000498E6D /* Assets.xcassets */ = {isa = PBXFileReference; lastKnownFileType = folder.assetcatalog; path = Assets.xcassets; sourceTree = "<group>"; };
		789F452927773C1000498E6D /* Base */ = {isa = PBXFileReference; lastKnownFileType = file.storyboard; name = Base; path = Base.lproj/LaunchScreen.storyboard; sourceTree = "<group>"; };
		789F452B27773C1000498E6D /* Info.plist */ = {isa = PBXFileReference; lastKnownFileType = text.plist.xml; path = Info.plist; sourceTree = "<group>"; };
		789F453627773F3200498E6D /* BaseViewController.swift */ = {isa = PBXFileReference; lastKnownFileType = sourcecode.swift; path = BaseViewController.swift; sourceTree = "<group>"; };
		789F453827773F3900498E6D /* BaseNavigationController.swift */ = {isa = PBXFileReference; lastKnownFileType = sourcecode.swift; path = BaseNavigationController.swift; sourceTree = "<group>"; };
		789F453E27773FF900498E6D /* TextFieldComponents.swift */ = {isa = PBXFileReference; fileEncoding = 4; lastKnownFileType = sourcecode.swift; path = TextFieldComponents.swift; sourceTree = "<group>"; };
		789F453F27773FF900498E6D /* TextViewComponents.swift */ = {isa = PBXFileReference; fileEncoding = 4; lastKnownFileType = sourcecode.swift; path = TextViewComponents.swift; sourceTree = "<group>"; };
		789F454027773FF900498E6D /* UIImageViewComponents.swift */ = {isa = PBXFileReference; fileEncoding = 4; lastKnownFileType = sourcecode.swift; path = UIImageViewComponents.swift; sourceTree = "<group>"; };
		789F454127773FF900498E6D /* CellTransitionComponents.swift */ = {isa = PBXFileReference; fileEncoding = 4; lastKnownFileType = sourcecode.swift; path = CellTransitionComponents.swift; sourceTree = "<group>"; };
		789F454227773FF900498E6D /* ButtonComponents.swift */ = {isa = PBXFileReference; fileEncoding = 4; lastKnownFileType = sourcecode.swift; path = ButtonComponents.swift; sourceTree = "<group>"; };
		789F454327773FF900498E6D /* LabelComponents.swift */ = {isa = PBXFileReference; fileEncoding = 4; lastKnownFileType = sourcecode.swift; path = LabelComponents.swift; sourceTree = "<group>"; };
		789F454427773FF900498E6D /* UICollectionViewFlowLayoutComponents.swift */ = {isa = PBXFileReference; fileEncoding = 4; lastKnownFileType = sourcecode.swift; path = UICollectionViewFlowLayoutComponents.swift; sourceTree = "<group>"; };
		789F454527773FF900498E6D /* FontComponents.swift */ = {isa = PBXFileReference; fileEncoding = 4; lastKnownFileType = sourcecode.swift; path = FontComponents.swift; sourceTree = "<group>"; };
		789F454627773FF900498E6D /* ColorComponents.swift */ = {isa = PBXFileReference; fileEncoding = 4; lastKnownFileType = sourcecode.swift; path = ColorComponents.swift; sourceTree = "<group>"; };
		789F454927773FF900498E6D /* UITableViewExtensions.swift */ = {isa = PBXFileReference; fileEncoding = 4; lastKnownFileType = sourcecode.swift; path = UITableViewExtensions.swift; sourceTree = "<group>"; };
		789F454A27773FF900498E6D /* UITextFieldExtensions.swift */ = {isa = PBXFileReference; fileEncoding = 4; lastKnownFileType = sourcecode.swift; path = UITextFieldExtensions.swift; sourceTree = "<group>"; };
		789F454B27773FF900498E6D /* UICollectionViewExtensions.swift */ = {isa = PBXFileReference; fileEncoding = 4; lastKnownFileType = sourcecode.swift; path = UICollectionViewExtensions.swift; sourceTree = "<group>"; };
		789F454C27773FF900498E6D /* UITextViewExtensions.swift */ = {isa = PBXFileReference; fileEncoding = 4; lastKnownFileType = sourcecode.swift; path = UITextViewExtensions.swift; sourceTree = "<group>"; };
		789F454D27773FF900498E6D /* UICollectionViewLayoutAttributesExtensions.swift */ = {isa = PBXFileReference; fileEncoding = 4; lastKnownFileType = sourcecode.swift; path = UICollectionViewLayoutAttributesExtensions.swift; sourceTree = "<group>"; };
		789F454E27773FF900498E6D /* UISegmentedControlExtensions.swift */ = {isa = PBXFileReference; fileEncoding = 4; lastKnownFileType = sourcecode.swift; path = UISegmentedControlExtensions.swift; sourceTree = "<group>"; };
		789F454F27773FF900498E6D /* UIImageExtensions.swift */ = {isa = PBXFileReference; fileEncoding = 4; lastKnownFileType = sourcecode.swift; path = UIImageExtensions.swift; sourceTree = "<group>"; };
		789F455027773FF900498E6D /* UIViewExtensions.swift */ = {isa = PBXFileReference; fileEncoding = 4; lastKnownFileType = sourcecode.swift; path = UIViewExtensions.swift; sourceTree = "<group>"; };
		789F455127773FF900498E6D /* UIFontExtensions.swift */ = {isa = PBXFileReference; fileEncoding = 4; lastKnownFileType = sourcecode.swift; path = UIFontExtensions.swift; sourceTree = "<group>"; };
		789F455227773FF900498E6D /* UIColorExtensions.swift */ = {isa = PBXFileReference; fileEncoding = 4; lastKnownFileType = sourcecode.swift; path = UIColorExtensions.swift; sourceTree = "<group>"; };
		789F455427773FF900498E6D /* RangeExtensions.swift */ = {isa = PBXFileReference; fileEncoding = 4; lastKnownFileType = sourcecode.swift; path = RangeExtensions.swift; sourceTree = "<group>"; };
		789F455527773FF900498E6D /* DataExtensions.swift */ = {isa = PBXFileReference; fileEncoding = 4; lastKnownFileType = sourcecode.swift; path = DataExtensions.swift; sourceTree = "<group>"; };
		789F455627773FF900498E6D /* StringExtensions.swift */ = {isa = PBXFileReference; fileEncoding = 4; lastKnownFileType = sourcecode.swift; path = StringExtensions.swift; sourceTree = "<group>"; };
		789F455727773FF900498E6D /* URLExtensions.swift */ = {isa = PBXFileReference; fileEncoding = 4; lastKnownFileType = sourcecode.swift; path = URLExtensions.swift; sourceTree = "<group>"; };
		789F455827773FF900498E6D /* IntExtensions.swift */ = {isa = PBXFileReference; fileEncoding = 4; lastKnownFileType = sourcecode.swift; path = IntExtensions.swift; sourceTree = "<group>"; };
		789F455927773FF900498E6D /* DateExtensions.swift */ = {isa = PBXFileReference; fileEncoding = 4; lastKnownFileType = sourcecode.swift; path = DateExtensions.swift; sourceTree = "<group>"; };
		789F45742777402200498E6D /* FileUtilities.swift */ = {isa = PBXFileReference; fileEncoding = 4; lastKnownFileType = sourcecode.swift; path = FileUtilities.swift; sourceTree = "<group>"; };
		789F45752777402200498E6D /* AppUtilities.swift */ = {isa = PBXFileReference; fileEncoding = 4; lastKnownFileType = sourcecode.swift; path = AppUtilities.swift; sourceTree = "<group>"; };
		789F4579277742AD00498E6D /* Roboto-Medium.ttf */ = {isa = PBXFileReference; lastKnownFileType = file; path = "Roboto-Medium.ttf"; sourceTree = "<group>"; };
		789F457A277742AD00498E6D /* Roboto-Bold.ttf */ = {isa = PBXFileReference; lastKnownFileType = file; path = "Roboto-Bold.ttf"; sourceTree = "<group>"; };
		789F457B277742AD00498E6D /* Roboto-Light.ttf */ = {isa = PBXFileReference; lastKnownFileType = file; path = "Roboto-Light.ttf"; sourceTree = "<group>"; };
		789F457C277742AD00498E6D /* Roboto-Regular.ttf */ = {isa = PBXFileReference; lastKnownFileType = file; path = "Roboto-Regular.ttf"; sourceTree = "<group>"; };
		789F45822777502000498E6D /* stretches.json */ = {isa = PBXFileReference; fileEncoding = 4; lastKnownFileType = text.json; path = stretches.json; sourceTree = "<group>"; };
		789F45832777502000498E6D /* schedule.json */ = {isa = PBXFileReference; fileEncoding = 4; lastKnownFileType = text.json; path = schedule.json; sourceTree = "<group>"; };
		789F4586277A157F00498E6D /* StretchInfo.swift */ = {isa = PBXFileReference; lastKnownFileType = sourcecode.swift; path = StretchInfo.swift; sourceTree = "<group>"; };
		789F4588277A15BD00498E6D /* ScheduleDay.swift */ = {isa = PBXFileReference; lastKnownFileType = sourcecode.swift; path = ScheduleDay.swift; sourceTree = "<group>"; };
		789F458A277A166600498E6D /* ScheduleStretch.swift */ = {isa = PBXFileReference; lastKnownFileType = sourcecode.swift; path = ScheduleStretch.swift; sourceTree = "<group>"; };
		789F458D277A178500498E6D /* Services.swift */ = {isa = PBXFileReference; lastKnownFileType = sourcecode.swift; path = Services.swift; sourceTree = "<group>"; };
		789F458F277A17A100498E6D /* ScheduleService.swift */ = {isa = PBXFileReference; lastKnownFileType = sourcecode.swift; path = ScheduleService.swift; sourceTree = "<group>"; };
		789F4591277A189C00498E6D /* StrechesService.swift */ = {isa = PBXFileReference; lastKnownFileType = sourcecode.swift; path = StrechesService.swift; sourceTree = "<group>"; };
		789F4593277A19D300498E6D /* MainController.swift */ = {isa = PBXFileReference; lastKnownFileType = sourcecode.swift; path = MainController.swift; sourceTree = "<group>"; };
		789F4596277A1C6900498E6D /* TimerController.swift */ = {isa = PBXFileReference; lastKnownFileType = sourcecode.swift; path = TimerController.swift; sourceTree = "<group>"; };
		789F4598277A1C7000498E6D /* Timer.storyboard */ = {isa = PBXFileReference; lastKnownFileType = file.storyboard; path = Timer.storyboard; sourceTree = "<group>"; };
		789F459B277A213000498E6D /* ScheduleController.swift */ = {isa = PBXFileReference; lastKnownFileType = sourcecode.swift; path = ScheduleController.swift; sourceTree = "<group>"; };
		789F459D277A213700498E6D /* Schedule.storyboard */ = {isa = PBXFileReference; lastKnownFileType = file.storyboard; path = Schedule.storyboard; sourceTree = "<group>"; };
		789F459F277A264000498E6D /* TimePickerController.swift */ = {isa = PBXFileReference; lastKnownFileType = sourcecode.swift; path = TimePickerController.swift; sourceTree = "<group>"; };
		789F45A1277A277500498E6D /* TimePickerCell.swift */ = {isa = PBXFileReference; lastKnownFileType = sourcecode.swift; path = TimePickerCell.swift; sourceTree = "<group>"; };
		789F45A3277A28BF00498E6D /* TimePickerViewModel.swift */ = {isa = PBXFileReference; lastKnownFileType = sourcecode.swift; path = TimePickerViewModel.swift; sourceTree = "<group>"; };
		789F45A6277A28D600498E6D /* TimePicker.storyboard */ = {isa = PBXFileReference; lastKnownFileType = file.storyboard; path = TimePicker.storyboard; sourceTree = "<group>"; };
		789F45A8277A2DBA00498E6D /* TimePickerCollectionFlowLayout.swift */ = {isa = PBXFileReference; lastKnownFileType = sourcecode.swift; path = TimePickerCollectionFlowLayout.swift; sourceTree = "<group>"; };
		789F45AA277A30B600498E6D /* TimerViewModel.swift */ = {isa = PBXFileReference; lastKnownFileType = sourcecode.swift; path = TimerViewModel.swift; sourceTree = "<group>"; };
		789F45AD277A3E7C00498E6D /* AlarmManager.swift */ = {isa = PBXFileReference; lastKnownFileType = sourcecode.swift; path = AlarmManager.swift; sourceTree = "<group>"; };
		789F45AF277A56A500498E6D /* ScheduleViewModel.swift */ = {isa = PBXFileReference; lastKnownFileType = sourcecode.swift; path = ScheduleViewModel.swift; sourceTree = "<group>"; };
		789F45B1277A5F0F00498E6D /* ScheduleHeader.swift */ = {isa = PBXFileReference; lastKnownFileType = sourcecode.swift; path = ScheduleHeader.swift; sourceTree = "<group>"; };
		789F45B3277A5F2B00498E6D /* ScheduleCell.swift */ = {isa = PBXFileReference; lastKnownFileType = sourcecode.swift; path = ScheduleCell.swift; sourceTree = "<group>"; };
		789F45B6277A788700498E6D /* StretchController.swift */ = {isa = PBXFileReference; lastKnownFileType = sourcecode.swift; path = StretchController.swift; sourceTree = "<group>"; };
		789F45B8277A790000498E6D /* Stretch.storyboard */ = {isa = PBXFileReference; lastKnownFileType = file.storyboard; path = Stretch.storyboard; sourceTree = "<group>"; };
		AE84A6A639398A319FBA4E56 /* Pods_LunarStretch.framework */ = {isa = PBXFileReference; explicitFileType = wrapper.framework; includeInIndex = 0; path = Pods_LunarStretch.framework; sourceTree = BUILT_PRODUCTS_DIR; };
/* End PBXFileReference section */

/* Begin PBXGroup section */
		51493754F05800293F9CBFDD /* Frameworks */ = {
			isa = PBXGroup;
			children = (
				841555077786D7EE05786FA7 /* Pods */,
				AE84A6A639398A319FBA4E56 /* Pods_LunarStretch.framework */,
			);
			name = Frameworks;
			sourceTree = "<group>";
		};
		789F451127773C0E00498E6D = {
			isa = PBXGroup;
			children = (
				789F451C27773C0E00498E6D /* LunarStretch */,
				789F451B27773C0E00498E6D /* Products */,
				51493754F05800293F9CBFDD /* Frameworks */,
			);
			sourceTree = "<group>";
		};
		789F451B27773C0E00498E6D /* Products */ = {
			isa = PBXGroup;
			children = (
				789F451A27773C0E00498E6D /* LunarStretch.app */,
			);
			name = Products;
			sourceTree = "<group>";
		};
		789F451C27773C0E00498E6D /* LunarStretch */ = {
			isa = PBXGroup;
			children = (
				789F453327773ECF00498E6D /* AppDelegate */,
				789F453427773F0D00498E6D /* ViewControllers */,
				789F453B27773FBA00498E6D /* Models */,
				789F458C277A177900498E6D /* Services */,
				789F453C27773FCB00498E6D /* Views */,
				789F453D27773FF900498E6D /* UIComponents */,
				789F454727773FF900498E6D /* Extensions */,
				789F45732777402200498E6D /* Utilities */,
				789F453127773E1E00498E6D /* Resources */,
			);
			path = LunarStretch;
			sourceTree = "<group>";
		};
		789F453127773E1E00498E6D /* Resources */ = {
			isa = PBXGroup;
			children = (
				789F45812777500F00498E6D /* Data */,
				789F45782777429D00498E6D /* Fonts */,
				789F452627773C1000498E6D /* Assets.xcassets */,
				789F452827773C1000498E6D /* LaunchScreen.storyboard */,
				789F452B27773C1000498E6D /* Info.plist */,
			);
			name = Resources;
			sourceTree = "<group>";
		};
		789F453327773ECF00498E6D /* AppDelegate */ = {
			isa = PBXGroup;
			children = (
				789F451D27773C0E00498E6D /* AppDelegate.swift */,
				789F451F27773C0E00498E6D /* SceneDelegate.swift */,
			);
			path = AppDelegate;
			sourceTree = "<group>";
		};
		789F453427773F0D00498E6D /* ViewControllers */ = {
			isa = PBXGroup;
			children = (
				789F453527773F2400498E6D /* BaseControllers */,
				789F453A27773F8D00498E6D /* Main */,
				789F459A277A212100498E6D /* Schedule */,
				789F45B5277A787200498E6D /* Stretch */,
				789F45A5277A28C700498E6D /* TimePicker */,
				789F4595277A1C5C00498E6D /* Timer */,
			);
			path = ViewControllers;
			sourceTree = "<group>";
		};
		789F453527773F2400498E6D /* BaseControllers */ = {
			isa = PBXGroup;
			children = (
				789F453827773F3900498E6D /* BaseNavigationController.swift */,
				789F453627773F3200498E6D /* BaseViewController.swift */,
			);
			path = BaseControllers;
			sourceTree = "<group>";
		};
		789F453A27773F8D00498E6D /* Main */ = {
			isa = PBXGroup;
			children = (
				789F452327773C0E00498E6D /* Main.storyboard */,
				789F4593277A19D300498E6D /* MainController.swift */,
			);
			path = Main;
			sourceTree = "<group>";
		};
		789F453B27773FBA00498E6D /* Models */ = {
			isa = PBXGroup;
			children = (
				789F4586277A157F00498E6D /* StretchInfo.swift */,
				789F4588277A15BD00498E6D /* ScheduleDay.swift */,
				789F458A277A166600498E6D /* ScheduleStretch.swift */,
			);
			path = Models;
			sourceTree = "<group>";
		};
		789F453C27773FCB00498E6D /* Views */ = {
			isa = PBXGroup;
			children = (
			);
			path = Views;
			sourceTree = "<group>";
		};
		789F453D27773FF900498E6D /* UIComponents */ = {
			isa = PBXGroup;
			children = (
				789F453E27773FF900498E6D /* TextFieldComponents.swift */,
				789F453F27773FF900498E6D /* TextViewComponents.swift */,
				789F454027773FF900498E6D /* UIImageViewComponents.swift */,
				789F454127773FF900498E6D /* CellTransitionComponents.swift */,
				789F454227773FF900498E6D /* ButtonComponents.swift */,
				789F454327773FF900498E6D /* LabelComponents.swift */,
				789F454427773FF900498E6D /* UICollectionViewFlowLayoutComponents.swift */,
				789F454527773FF900498E6D /* FontComponents.swift */,
				789F454627773FF900498E6D /* ColorComponents.swift */,
			);
			path = UIComponents;
			sourceTree = "<group>";
		};
		789F454727773FF900498E6D /* Extensions */ = {
			isa = PBXGroup;
			children = (
				789F454827773FF900498E6D /* UIKit */,
				789F455327773FF900498E6D /* Foundation */,
			);
			path = Extensions;
			sourceTree = "<group>";
		};
		789F454827773FF900498E6D /* UIKit */ = {
			isa = PBXGroup;
			children = (
				789F454927773FF900498E6D /* UITableViewExtensions.swift */,
				789F454A27773FF900498E6D /* UITextFieldExtensions.swift */,
				789F454B27773FF900498E6D /* UICollectionViewExtensions.swift */,
				789F454C27773FF900498E6D /* UITextViewExtensions.swift */,
				789F454D27773FF900498E6D /* UICollectionViewLayoutAttributesExtensions.swift */,
				789F454E27773FF900498E6D /* UISegmentedControlExtensions.swift */,
				789F454F27773FF900498E6D /* UIImageExtensions.swift */,
				789F455027773FF900498E6D /* UIViewExtensions.swift */,
				789F455127773FF900498E6D /* UIFontExtensions.swift */,
				789F455227773FF900498E6D /* UIColorExtensions.swift */,
			);
			path = UIKit;
			sourceTree = "<group>";
		};
		789F455327773FF900498E6D /* Foundation */ = {
			isa = PBXGroup;
			children = (
				789F455427773FF900498E6D /* RangeExtensions.swift */,
				789F455527773FF900498E6D /* DataExtensions.swift */,
				789F455627773FF900498E6D /* StringExtensions.swift */,
				789F455727773FF900498E6D /* URLExtensions.swift */,
				789F455827773FF900498E6D /* IntExtensions.swift */,
				789F455927773FF900498E6D /* DateExtensions.swift */,
			);
			path = Foundation;
			sourceTree = "<group>";
		};
		789F45732777402200498E6D /* Utilities */ = {
			isa = PBXGroup;
			children = (
				789F45742777402200498E6D /* FileUtilities.swift */,
				789F45752777402200498E6D /* AppUtilities.swift */,
			);
			path = Utilities;
			sourceTree = "<group>";
		};
		789F45782777429D00498E6D /* Fonts */ = {
			isa = PBXGroup;
			children = (
				789F457A277742AD00498E6D /* Roboto-Bold.ttf */,
				789F457B277742AD00498E6D /* Roboto-Light.ttf */,
				789F4579277742AD00498E6D /* Roboto-Medium.ttf */,
				789F457C277742AD00498E6D /* Roboto-Regular.ttf */,
			);
			path = Fonts;
			sourceTree = "<group>";
		};
		789F45812777500F00498E6D /* Data */ = {
			isa = PBXGroup;
			children = (
				789F45832777502000498E6D /* schedule.json */,
				789F45822777502000498E6D /* stretches.json */,
			);
			path = Data;
			sourceTree = "<group>";
		};
		789F458C277A177900498E6D /* Services */ = {
			isa = PBXGroup;
			children = (
				789F458D277A178500498E6D /* Services.swift */,
				789F458F277A17A100498E6D /* ScheduleService.swift */,
				789F4591277A189C00498E6D /* StrechesService.swift */,
				789F45AD277A3E7C00498E6D /* AlarmManager.swift */,
			);
			path = Services;
			sourceTree = "<group>";
		};
		789F4595277A1C5C00498E6D /* Timer */ = {
			isa = PBXGroup;
			children = (
				789F4598277A1C7000498E6D /* Timer.storyboard */,
				789F4596277A1C6900498E6D /* TimerController.swift */,
				789F45AA277A30B600498E6D /* TimerViewModel.swift */,
			);
			path = Timer;
			sourceTree = "<group>";
		};
		789F459A277A212100498E6D /* Schedule */ = {
			isa = PBXGroup;
			children = (
				789F459D277A213700498E6D /* Schedule.storyboard */,
				789F459B277A213000498E6D /* ScheduleController.swift */,
				789F45AF277A56A500498E6D /* ScheduleViewModel.swift */,
				789F45B1277A5F0F00498E6D /* ScheduleHeader.swift */,
				789F45B3277A5F2B00498E6D /* ScheduleCell.swift */,
			);
			path = Schedule;
			sourceTree = "<group>";
		};
		789F45A5277A28C700498E6D /* TimePicker */ = {
			isa = PBXGroup;
			children = (
				789F45A6277A28D600498E6D /* TimePicker.storyboard */,
				789F459F277A264000498E6D /* TimePickerController.swift */,
				789F45A3277A28BF00498E6D /* TimePickerViewModel.swift */,
				789F45A1277A277500498E6D /* TimePickerCell.swift */,
				789F45A8277A2DBA00498E6D /* TimePickerCollectionFlowLayout.swift */,
			);
			path = TimePicker;
			sourceTree = "<group>";
		};
		789F45B5277A787200498E6D /* Stretch */ = {
			isa = PBXGroup;
			children = (
				789F45B8277A790000498E6D /* Stretch.storyboard */,
				789F45B6277A788700498E6D /* StretchController.swift */,
			);
			path = Stretch;
			sourceTree = "<group>";
		};
		841555077786D7EE05786FA7 /* Pods */ = {
			isa = PBXGroup;
			children = (
				6032A17AFE06C0A9908B3D7D /* Pods-LunarStretch.debug.xcconfig */,
				3B9618434CCDA039FA54E40C /* Pods-LunarStretch.release.xcconfig */,
			);
			path = Pods;
			sourceTree = "<group>";
		};
/* End PBXGroup section */

/* Begin PBXNativeTarget section */
		789F451927773C0E00498E6D /* LunarStretch */ = {
			isa = PBXNativeTarget;
			buildConfigurationList = 789F452E27773C1000498E6D /* Build configuration list for PBXNativeTarget "LunarStretch" */;
			buildPhases = (
				789F451627773C0E00498E6D /* Sources */,
				789F451827773C0E00498E6D /* Resources */,
				789F453227773E8800498E6D /* Update Build Number */,
			);
			buildRules = (
			);
			dependencies = (
			);
			name = LunarStretch;
			productName = LunarStretch;
			productReference = 789F451A27773C0E00498E6D /* LunarStretch.app */;
			productType = "com.apple.product-type.application";
		};
/* End PBXNativeTarget section */

/* Begin PBXProject section */
		789F451227773C0E00498E6D /* Project object */ = {
			isa = PBXProject;
			attributes = {
				BuildIndependentTargetsInParallel = 1;
				LastSwiftUpdateCheck = 1310;
				LastUpgradeCheck = 1310;
				TargetAttributes = {
					789F451927773C0E00498E6D = {
						CreatedOnToolsVersion = 13.1;
					};
				};
			};
			buildConfigurationList = 789F451527773C0E00498E6D /* Build configuration list for PBXProject "LunarStretch" */;
			compatibilityVersion = "Xcode 13.0";
			developmentRegion = en;
			hasScannedForEncodings = 0;
			knownRegions = (
				en,
				Base,
			);
			mainGroup = 789F451127773C0E00498E6D;
			productRefGroup = 789F451B27773C0E00498E6D /* Products */;
			projectDirPath = "";
			projectRoot = "";
			targets = (
				789F451927773C0E00498E6D /* LunarStretch */,
			);
		};
/* End PBXProject section */

/* Begin PBXResourcesBuildPhase section */
		789F451827773C0E00498E6D /* Resources */ = {
			isa = PBXResourcesBuildPhase;
			buildActionMask = 2147483647;
			files = (
				789F4599277A1C7000498E6D /* Timer.storyboard in Resources */,
				789F457D277742AD00498E6D /* Roboto-Medium.ttf in Resources */,
				789F4580277742AD00498E6D /* Roboto-Regular.ttf in Resources */,
				789F452A27773C1000498E6D /* LaunchScreen.storyboard in Resources */,
				789F45842777502000498E6D /* stretches.json in Resources */,
				789F45B9277A790000498E6D /* Stretch.storyboard in Resources */,
				789F45A7277A28D600498E6D /* TimePicker.storyboard in Resources */,
				789F459E277A213700498E6D /* Schedule.storyboard in Resources */,
				789F457F277742AD00498E6D /* Roboto-Light.ttf in Resources */,
				789F457E277742AD00498E6D /* Roboto-Bold.ttf in Resources */,
				789F452727773C1000498E6D /* Assets.xcassets in Resources */,
				789F452527773C0E00498E6D /* Main.storyboard in Resources */,
				789F45852777502000498E6D /* schedule.json in Resources */,
			);
			runOnlyForDeploymentPostprocessing = 0;
		};
/* End PBXResourcesBuildPhase section */

/* Begin PBXShellScriptBuildPhase section */
		789F453227773E8800498E6D /* Update Build Number */ = {
			isa = PBXShellScriptBuildPhase;
			buildActionMask = 2147483647;
			files = (
			);
			inputFileListPaths = (
			);
			inputPaths = (
			);
			name = "Update Build Number";
			outputFileListPaths = (
			);
			outputPaths = (
			);
			runOnlyForDeploymentPostprocessing = 0;
			shellPath = /bin/sh;
			shellScript = "$SRCROOT/Scripts/set_build_number.sh\n";
		};
/* End PBXShellScriptBuildPhase section */

/* Begin PBXSourcesBuildPhase section */
		789F451627773C0E00498E6D /* Sources */ = {
			isa = PBXSourcesBuildPhase;
			buildActionMask = 2147483647;
			files = (
				789F456A27773FF900498E6D /* UIViewExtensions.swift in Sources */,
				789F456327773FF900498E6D /* UITableViewExtensions.swift in Sources */,
				789F45B0277A56A500498E6D /* ScheduleViewModel.swift in Sources */,
				789F4589277A15BD00498E6D /* ScheduleDay.swift in Sources */,
				789F455C27773FF900498E6D /* UIImageViewComponents.swift in Sources */,
				789F455E27773FF900498E6D /* ButtonComponents.swift in Sources */,
				789F456027773FF900498E6D /* UICollectionViewFlowLayoutComponents.swift in Sources */,
				789F456B27773FF900498E6D /* UIFontExtensions.swift in Sources */,
				789F455F27773FF900498E6D /* LabelComponents.swift in Sources */,
				789F4597277A1C6900498E6D /* TimerController.swift in Sources */,
				789F453727773F3200498E6D /* BaseViewController.swift in Sources */,
				789F45AB277A30B600498E6D /* TimerViewModel.swift in Sources */,
				789F451E27773C0E00498E6D /* AppDelegate.swift in Sources */,
				789F45772777402200498E6D /* AppUtilities.swift in Sources */,
				789F45A2277A277500498E6D /* TimePickerCell.swift in Sources */,
				789F45A4277A28C000498E6D /* TimePickerViewModel.swift in Sources */,
				789F459C277A213000498E6D /* ScheduleController.swift in Sources */,
				789F456227773FF900498E6D /* ColorComponents.swift in Sources */,
				789F457227773FF900498E6D /* DateExtensions.swift in Sources */,
				789F456927773FF900498E6D /* UIImageExtensions.swift in Sources */,
				789F4587277A157F00498E6D /* StretchInfo.swift in Sources */,
				789F4592277A189C00498E6D /* StrechesService.swift in Sources */,
				789F457127773FF900498E6D /* IntExtensions.swift in Sources */,
				789F455A27773FF900498E6D /* TextFieldComponents.swift in Sources */,
				789F456D27773FF900498E6D /* RangeExtensions.swift in Sources */,
				789F45B7277A788700498E6D /* StretchController.swift in Sources */,
				789F45B2277A5F0F00498E6D /* ScheduleHeader.swift in Sources */,
				789F45762777402200498E6D /* FileUtilities.swift in Sources */,
				789F455D27773FF900498E6D /* CellTransitionComponents.swift in Sources */,
				789F45AE277A3E7C00498E6D /* AlarmManager.swift in Sources */,
				789F456627773FF900498E6D /* UITextViewExtensions.swift in Sources */,
				789F458B277A166600498E6D /* ScheduleStretch.swift in Sources */,
				789F4590277A17A100498E6D /* ScheduleService.swift in Sources */,
				789F456C27773FF900498E6D /* UIColorExtensions.swift in Sources */,
				789F455B27773FF900498E6D /* TextViewComponents.swift in Sources */,
				789F458E277A178500498E6D /* Services.swift in Sources */,
				789F453927773F3900498E6D /* BaseNavigationController.swift in Sources */,
				789F456727773FF900498E6D /* UICollectionViewLayoutAttributesExtensions.swift in Sources */,
				789F456527773FF900498E6D /* UICollectionViewExtensions.swift in Sources */,
				789F457027773FF900498E6D /* URLExtensions.swift in Sources */,
				789F456F27773FF900498E6D /* StringExtensions.swift in Sources */,
				789F456827773FF900498E6D /* UISegmentedControlExtensions.swift in Sources */,
				789F456427773FF900498E6D /* UITextFieldExtensions.swift in Sources */,
				789F45A9277A2DBA00498E6D /* TimePickerCollectionFlowLayout.swift in Sources */,
				789F456E27773FF900498E6D /* DataExtensions.swift in Sources */,
				789F452027773C0E00498E6D /* SceneDelegate.swift in Sources */,
				789F45B4277A5F2B00498E6D /* ScheduleCell.swift in Sources */,
				789F45A0277A264000498E6D /* TimePickerController.swift in Sources */,
				789F4594277A19D300498E6D /* MainController.swift in Sources */,
				789F456127773FF900498E6D /* FontComponents.swift in Sources */,
			);
			runOnlyForDeploymentPostprocessing = 0;
		};
/* End PBXSourcesBuildPhase section */

/* Begin PBXVariantGroup section */
		789F452327773C0E00498E6D /* Main.storyboard */ = {
			isa = PBXVariantGroup;
			children = (
				789F452427773C0E00498E6D /* Base */,
			);
			name = Main.storyboard;
			sourceTree = "<group>";
		};
		789F452827773C1000498E6D /* LaunchScreen.storyboard */ = {
			isa = PBXVariantGroup;
			children = (
				789F452927773C1000498E6D /* Base */,
			);
			name = LaunchScreen.storyboard;
			sourceTree = "<group>";
		};
/* End PBXVariantGroup section */

/* Begin XCBuildConfiguration section */
		789F452C27773C1000498E6D /* Debug */ = {
			isa = XCBuildConfiguration;
			buildSettings = {
				ALWAYS_SEARCH_USER_PATHS = NO;
				CLANG_ANALYZER_NONNULL = YES;
				CLANG_ANALYZER_NUMBER_OBJECT_CONVERSION = YES_AGGRESSIVE;
				CLANG_CXX_LANGUAGE_STANDARD = "gnu++17";
				CLANG_CXX_LIBRARY = "libc++";
				CLANG_ENABLE_MODULES = YES;
				CLANG_ENABLE_OBJC_ARC = YES;
				CLANG_ENABLE_OBJC_WEAK = YES;
				CLANG_WARN_BLOCK_CAPTURE_AUTORELEASING = YES;
				CLANG_WARN_BOOL_CONVERSION = YES;
				CLANG_WARN_COMMA = YES;
				CLANG_WARN_CONSTANT_CONVERSION = YES;
				CLANG_WARN_DEPRECATED_OBJC_IMPLEMENTATIONS = YES;
				CLANG_WARN_DIRECT_OBJC_ISA_USAGE = YES_ERROR;
				CLANG_WARN_DOCUMENTATION_COMMENTS = YES;
				CLANG_WARN_EMPTY_BODY = YES;
				CLANG_WARN_ENUM_CONVERSION = YES;
				CLANG_WARN_INFINITE_RECURSION = YES;
				CLANG_WARN_INT_CONVERSION = YES;
				CLANG_WARN_NON_LITERAL_NULL_CONVERSION = YES;
				CLANG_WARN_OBJC_IMPLICIT_RETAIN_SELF = YES;
				CLANG_WARN_OBJC_LITERAL_CONVERSION = YES;
				CLANG_WARN_OBJC_ROOT_CLASS = YES_ERROR;
				CLANG_WARN_QUOTED_INCLUDE_IN_FRAMEWORK_HEADER = YES;
				CLANG_WARN_RANGE_LOOP_ANALYSIS = YES;
				CLANG_WARN_STRICT_PROTOTYPES = YES;
				CLANG_WARN_SUSPICIOUS_MOVE = YES;
				CLANG_WARN_UNGUARDED_AVAILABILITY = YES_AGGRESSIVE;
				CLANG_WARN_UNREACHABLE_CODE = YES;
				CLANG_WARN__DUPLICATE_METHOD_MATCH = YES;
				COPY_PHASE_STRIP = NO;
				DEBUG_INFORMATION_FORMAT = dwarf;
				ENABLE_STRICT_OBJC_MSGSEND = YES;
				ENABLE_TESTABILITY = YES;
				GCC_C_LANGUAGE_STANDARD = gnu11;
				GCC_DYNAMIC_NO_PIC = NO;
				GCC_NO_COMMON_BLOCKS = YES;
				GCC_OPTIMIZATION_LEVEL = 0;
				GCC_PREPROCESSOR_DEFINITIONS = (
					"DEBUG=1",
					"$(inherited)",
				);
				GCC_WARN_64_TO_32_BIT_CONVERSION = YES;
				GCC_WARN_ABOUT_RETURN_TYPE = YES_ERROR;
				GCC_WARN_UNDECLARED_SELECTOR = YES;
				GCC_WARN_UNINITIALIZED_AUTOS = YES_AGGRESSIVE;
				GCC_WARN_UNUSED_FUNCTION = YES;
				GCC_WARN_UNUSED_VARIABLE = YES;
				IPHONEOS_DEPLOYMENT_TARGET = 15.0;
				MTL_ENABLE_DEBUG_INFO = INCLUDE_SOURCE;
				MTL_FAST_MATH = YES;
				ONLY_ACTIVE_ARCH = YES;
				SDKROOT = iphoneos;
				SWIFT_ACTIVE_COMPILATION_CONDITIONS = DEBUG;
				SWIFT_OPTIMIZATION_LEVEL = "-Onone";
			};
			name = Debug;
		};
		789F452D27773C1000498E6D /* Release */ = {
			isa = XCBuildConfiguration;
			buildSettings = {
				ALWAYS_SEARCH_USER_PATHS = NO;
				CLANG_ANALYZER_NONNULL = YES;
				CLANG_ANALYZER_NUMBER_OBJECT_CONVERSION = YES_AGGRESSIVE;
				CLANG_CXX_LANGUAGE_STANDARD = "gnu++17";
				CLANG_CXX_LIBRARY = "libc++";
				CLANG_ENABLE_MODULES = YES;
				CLANG_ENABLE_OBJC_ARC = YES;
				CLANG_ENABLE_OBJC_WEAK = YES;
				CLANG_WARN_BLOCK_CAPTURE_AUTORELEASING = YES;
				CLANG_WARN_BOOL_CONVERSION = YES;
				CLANG_WARN_COMMA = YES;
				CLANG_WARN_CONSTANT_CONVERSION = YES;
				CLANG_WARN_DEPRECATED_OBJC_IMPLEMENTATIONS = YES;
				CLANG_WARN_DIRECT_OBJC_ISA_USAGE = YES_ERROR;
				CLANG_WARN_DOCUMENTATION_COMMENTS = YES;
				CLANG_WARN_EMPTY_BODY = YES;
				CLANG_WARN_ENUM_CONVERSION = YES;
				CLANG_WARN_INFINITE_RECURSION = YES;
				CLANG_WARN_INT_CONVERSION = YES;
				CLANG_WARN_NON_LITERAL_NULL_CONVERSION = YES;
				CLANG_WARN_OBJC_IMPLICIT_RETAIN_SELF = YES;
				CLANG_WARN_OBJC_LITERAL_CONVERSION = YES;
				CLANG_WARN_OBJC_ROOT_CLASS = YES_ERROR;
				CLANG_WARN_QUOTED_INCLUDE_IN_FRAMEWORK_HEADER = YES;
				CLANG_WARN_RANGE_LOOP_ANALYSIS = YES;
				CLANG_WARN_STRICT_PROTOTYPES = YES;
				CLANG_WARN_SUSPICIOUS_MOVE = YES;
				CLANG_WARN_UNGUARDED_AVAILABILITY = YES_AGGRESSIVE;
				CLANG_WARN_UNREACHABLE_CODE = YES;
				CLANG_WARN__DUPLICATE_METHOD_MATCH = YES;
				COPY_PHASE_STRIP = NO;
				DEBUG_INFORMATION_FORMAT = "dwarf-with-dsym";
				ENABLE_NS_ASSERTIONS = NO;
				ENABLE_STRICT_OBJC_MSGSEND = YES;
				GCC_C_LANGUAGE_STANDARD = gnu11;
				GCC_NO_COMMON_BLOCKS = YES;
				GCC_WARN_64_TO_32_BIT_CONVERSION = YES;
				GCC_WARN_ABOUT_RETURN_TYPE = YES_ERROR;
				GCC_WARN_UNDECLARED_SELECTOR = YES;
				GCC_WARN_UNINITIALIZED_AUTOS = YES_AGGRESSIVE;
				GCC_WARN_UNUSED_FUNCTION = YES;
				GCC_WARN_UNUSED_VARIABLE = YES;
				IPHONEOS_DEPLOYMENT_TARGET = 15.0;
				MTL_ENABLE_DEBUG_INFO = NO;
				MTL_FAST_MATH = YES;
				SDKROOT = iphoneos;
				SWIFT_COMPILATION_MODE = wholemodule;
				SWIFT_OPTIMIZATION_LEVEL = "-O";
				VALIDATE_PRODUCT = YES;
			};
			name = Release;
		};
		789F452F27773C1000498E6D /* Debug */ = {
			isa = XCBuildConfiguration;
			buildSettings = {
				ASSETCATALOG_COMPILER_APPICON_NAME = AppIcon;
				ASSETCATALOG_COMPILER_GLOBAL_ACCENT_COLOR_NAME = AccentColor;
				CODE_SIGN_STYLE = Automatic;
				CURRENT_PROJECT_VERSION = UPDATED_AUTOMATICALLY;
				DEVELOPMENT_TEAM = MJA8334VZT;
				GENERATE_INFOPLIST_FILE = YES;
				INFOPLIST_FILE = LunarStretch/Info.plist;
				INFOPLIST_KEY_UIApplicationSupportsIndirectInputEvents = YES;
				INFOPLIST_KEY_UILaunchStoryboardName = LaunchScreen;
				INFOPLIST_KEY_UIMainStoryboardFile = Main;
				INFOPLIST_KEY_UISupportedInterfaceOrientations_iPad = "UIInterfaceOrientationPortrait UIInterfaceOrientationPortraitUpsideDown UIInterfaceOrientationLandscapeLeft UIInterfaceOrientationLandscapeRight";
				INFOPLIST_KEY_UISupportedInterfaceOrientations_iPhone = "UIInterfaceOrientationPortrait UIInterfaceOrientationLandscapeLeft UIInterfaceOrientationLandscapeRight";
				IPHONEOS_DEPLOYMENT_TARGET = 14.0;
				LD_RUNPATH_SEARCH_PATHS = (
					"$(inherited)",
					"@executable_path/Frameworks",
				);
				MARKETING_VERSION = 1.0;
				PRODUCT_BUNDLE_IDENTIFIER = com.zigamajig.LunarStretch;
				PRODUCT_NAME = "$(TARGET_NAME)";
				SWIFT_EMIT_LOC_STRINGS = YES;
				SWIFT_VERSION = 5.0;
				TARGETED_DEVICE_FAMILY = "1,2";
			};
			name = Debug;
		};
		789F453027773C1000498E6D /* Release */ = {
			isa = XCBuildConfiguration;
			buildSettings = {
				ASSETCATALOG_COMPILER_APPICON_NAME = AppIcon;
				ASSETCATALOG_COMPILER_GLOBAL_ACCENT_COLOR_NAME = AccentColor;
				CODE_SIGN_STYLE = Automatic;
				CURRENT_PROJECT_VERSION = UPDATED_AUTOMATICALLY;
				DEVELOPMENT_TEAM = MJA8334VZT;
				GENERATE_INFOPLIST_FILE = YES;
				INFOPLIST_FILE = LunarStretch/Info.plist;
				INFOPLIST_KEY_UIApplicationSupportsIndirectInputEvents = YES;
				INFOPLIST_KEY_UILaunchStoryboardName = LaunchScreen;
				INFOPLIST_KEY_UIMainStoryboardFile = Main;
				INFOPLIST_KEY_UISupportedInterfaceOrientations_iPad = "UIInterfaceOrientationPortrait UIInterfaceOrientationPortraitUpsideDown UIInterfaceOrientationLandscapeLeft UIInterfaceOrientationLandscapeRight";
				INFOPLIST_KEY_UISupportedInterfaceOrientations_iPhone = "UIInterfaceOrientationPortrait UIInterfaceOrientationLandscapeLeft UIInterfaceOrientationLandscapeRight";
				IPHONEOS_DEPLOYMENT_TARGET = 14.0;
				LD_RUNPATH_SEARCH_PATHS = (
					"$(inherited)",
					"@executable_path/Frameworks",
				);
				MARKETING_VERSION = 1.0;
				PRODUCT_BUNDLE_IDENTIFIER = com.zigamajig.LunarStretch;
				PRODUCT_NAME = "$(TARGET_NAME)";
				SWIFT_EMIT_LOC_STRINGS = YES;
				SWIFT_VERSION = 5.0;
				TARGETED_DEVICE_FAMILY = "1,2";
			};
			name = Release;
		};
/* End XCBuildConfiguration section */

/* Begin XCConfigurationList section */
		789F451527773C0E00498E6D /* Build configuration list for PBXProject "LunarStretch" */ = {
			isa = XCConfigurationList;
			buildConfigurations = (
				789F452C27773C1000498E6D /* Debug */,
				789F452D27773C1000498E6D /* Release */,
			);
			defaultConfigurationIsVisible = 0;
			defaultConfigurationName = Release;
		};
		789F452E27773C1000498E6D /* Build configuration list for PBXNativeTarget "LunarStretch" */ = {
			isa = XCConfigurationList;
			buildConfigurations = (
				789F452F27773C1000498E6D /* Debug */,
				789F453027773C1000498E6D /* Release */,
			);
			defaultConfigurationIsVisible = 0;
			defaultConfigurationName = Release;
		};
/* End XCConfigurationList section */
	};
	rootObject = 789F451227773C0E00498E6D /* Project object */;
}
